
Microsoft Visual Studio Solution File, Format Version 12.00
# Visual Studio Version 17
VisualStudioVersion = 17.2.32526.322
MinimumVisualStudioVersion = 10.0.40219.1
Project("{FAE04EC0-301F-11D3-BF4B-00C04F79EFBC}") = "Demo", "Demo\Demo.csproj", "{09C652E1-E6F4-4662-B725-E9ED9E01D5DA}"
EndProject
Global
	GlobalSection(SolutionConfigurationPlatforms) = preSolution
		Debug|Any CPU = Debug|Any CPU
		Release|Any CPU = Release|Any CPU
	EndGlobalSection
	GlobalSection(ProjectConfigurationPlatforms) = postSolution
		{09C652E1-E6F4-4662-B725-E9ED9E01D5DA}.Debug|Any CPU.ActiveCfg = Debug|Any CPU
		{09C652E1-E6F4-4662-B725-E9ED9E01D5DA}.Debug|Any CPU.Build.0 = Debug|Any CPU
		{09C652E1-E6F4-4662-B725-E9ED9E01D5DA}.Release|Any CPU.ActiveCfg = Release|Any CPU
		{09C652E1-E6F4-4662-B725-E9ED9E01D5DA}.Release|Any CPU.Build.0 = Release|Any CPU
	EndGlobalSection
	GlobalSection(SolutionProperties) = preSolution
		HideSolutionNode = FALSE
	EndGlobalSection
	GlobalSection(ExtensibilityGlobals) = postSolution
		SolutionGuid = {2D814459-6FBD-488E-831E-15B0A77E1267}
	EndGlobalSection
EndGlobal
